
Microsoft Visual Studio Solution File, Format Version 12.00
# Visual Studio Version 17
VisualStudioVersion = 17.14.36301.6 d17.14
MinimumVisualStudioVersion = 10.0.40219.1
Project("{FAE04EC0-301F-11D3-BF4B-00C04F79EFBC}") = "Presentation", "Presentation\Presentation.csproj", "{4F9233EC-D06A-42AD-99E1-5EC4D505D7D2}"
EndProject
Project("{FAE04EC0-301F-11D3-BF4B-00C04F79EFBC}") = "Domain", "Domain\Domain.csproj", "{C384477E-DFFF-4F3E-AB5F-6DC50FFE408E}"
EndProject
Project("{FAE04EC0-301F-11D3-BF4B-00C04F79EFBC}") = "Application", "Application\Application.csproj", "{BD29B68C-D30A-4B2D-BCF1-38F735F33833}"
EndProject
Project("{FAE04EC0-301F-11D3-BF4B-00C04F79EFBC}") = "Infraestructure", "Infraestructure\Infraestructure.csproj", "{1DBC83DC-E863-413E-BBA3-1AC4F17BEFE3}"
EndProject
Project("{FAE04EC0-301F-11D3-BF4B-00C04F79EFBC}") = "Persistence", "Persistence\Persistence.csproj", "{F47D64A9-2D11-42F7-8DE4-EF790D850490}"
EndProject
Global
	GlobalSection(SolutionConfigurationPlatforms) = preSolution
		Debug|Any CPU = Debug|Any CPU
		Release|Any CPU = Release|Any CPU
	EndGlobalSection
	GlobalSection(ProjectConfigurationPlatforms) = postSolution
		{4F9233EC-D06A-42AD-99E1-5EC4D505D7D2}.Debug|Any CPU.ActiveCfg = Debug|Any CPU
		{4F9233EC-D06A-42AD-99E1-5EC4D505D7D2}.Debug|Any CPU.Build.0 = Debug|Any CPU
		{4F9233EC-D06A-42AD-99E1-5EC4D505D7D2}.Release|Any CPU.ActiveCfg = Release|Any CPU
		{4F9233EC-D06A-42AD-99E1-5EC4D505D7D2}.Release|Any CPU.Build.0 = Release|Any CPU
		{C384477E-DFFF-4F3E-AB5F-6DC50FFE408E}.Debug|Any CPU.ActiveCfg = Debug|Any CPU
		{C384477E-DFFF-4F3E-AB5F-6DC50FFE408E}.Debug|Any CPU.Build.0 = Debug|Any CPU
		{C384477E-DFFF-4F3E-AB5F-6DC50FFE408E}.Release|Any CPU.ActiveCfg = Release|Any CPU
		{C384477E-DFFF-4F3E-AB5F-6DC50FFE408E}.Release|Any CPU.Build.0 = Release|Any CPU
		{BD29B68C-D30A-4B2D-BCF1-38F735F33833}.Debug|Any CPU.ActiveCfg = Debug|Any CPU
		{BD29B68C-D30A-4B2D-BCF1-38F735F33833}.Debug|Any CPU.Build.0 = Debug|Any CPU
		{BD29B68C-D30A-4B2D-BCF1-38F735F33833}.Release|Any CPU.ActiveCfg = Release|Any CPU
		{BD29B68C-D30A-4B2D-BCF1-38F735F33833}.Release|Any CPU.Build.0 = Release|Any CPU
		{1DBC83DC-E863-413E-BBA3-1AC4F17BEFE3}.Debug|Any CPU.ActiveCfg = Debug|Any CPU
		{1DBC83DC-E863-413E-BBA3-1AC4F17BEFE3}.Debug|Any CPU.Build.0 = Debug|Any CPU
		{1DBC83DC-E863-413E-BBA3-1AC4F17BEFE3}.Release|Any CPU.ActiveCfg = Release|Any CPU
		{1DBC83DC-E863-413E-BBA3-1AC4F17BEFE3}.Release|Any CPU.Build.0 = Release|Any CPU
		{F47D64A9-2D11-42F7-8DE4-EF790D850490}.Debug|Any CPU.ActiveCfg = Debug|Any CPU
		{F47D64A9-2D11-42F7-8DE4-EF790D850490}.Debug|Any CPU.Build.0 = Debug|Any CPU
		{F47D64A9-2D11-42F7-8DE4-EF790D850490}.Release|Any CPU.ActiveCfg = Release|Any CPU
		{F47D64A9-2D11-42F7-8DE4-EF790D850490}.Release|Any CPU.Build.0 = Release|Any CPU
	EndGlobalSection
	GlobalSection(SolutionProperties) = preSolution
		HideSolutionNode = FALSE
	EndGlobalSection
	GlobalSection(ExtensibilityGlobals) = postSolution
		SolutionGuid = {33EA85F9-8220-47C4-884D-5E93E06F842A}
	EndGlobalSection
EndGlobal
